
Microsoft Visual Studio Solution File, Format Version 12.00
Project("{FAE04EC0-301F-11D3-BF4B-00C04F79EFBC}") = "DiscordExt", "DiscordExt\DiscordExt.csproj", "{DCF399BD-14D7-4F1F-85F3-29707541C277}"
EndProject
Global
	GlobalSection(SolutionConfigurationPlatforms) = preSolution
		1. Main|Windows = 1. Main|Windows
		1. Main|Linux = 1. Main|Linux
		2. Staging|Windows = 2. Staging|Windows
		2. Staging|Linux = 2. Staging|Linux
		3. Oxide|Windows = 3. Oxide|Windows
		3. Oxide|Linux = 3. Oxide|Linux
		4. Oxide Staging|Windows = 4. Oxide Staging|Windows
		4. Oxide Staging|Linux = 4. Oxide Staging|Linux
		5. Carbon|Windows = 5. Carbon|Windows
		5. Carbon|Linux = 5. Carbon|Linux
		6. Carbon Staging|Windows = 6. Carbon Staging|Windows
		6. Carbon Staging|Linux = 6. Carbon Staging|Linux
	EndGlobalSection
	GlobalSection(ProjectConfigurationPlatforms) = postSolution
		{DCF399BD-14D7-4F1F-85F3-29707541C277}.1. Main|Windows.ActiveCfg = 1. Main|Windows
		{DCF399BD-14D7-4F1F-85F3-29707541C277}.1. Main|Windows.Build.0 = 1. Main|Windows
		{DCF399BD-14D7-4F1F-85F3-29707541C277}.1. Main|Linux.ActiveCfg = 1. Main|Linux
		{DCF399BD-14D7-4F1F-85F3-29707541C277}.1. Main|Linux.Build.0 = 1. Main|Linux
		{DCF399BD-14D7-4F1F-85F3-29707541C277}.2. Staging|Windows.ActiveCfg = 2. Staging|Windows
		{DCF399BD-14D7-4F1F-85F3-29707541C277}.2. Staging|Windows.Build.0 = 2. Staging|Windows
		{DCF399BD-14D7-4F1F-85F3-29707541C277}.2. Staging|Linux.ActiveCfg = 2. Staging|Linux
		{DCF399BD-14D7-4F1F-85F3-29707541C277}.2. Staging|Linux.Build.0 = 2. Staging|Linux
		{DCF399BD-14D7-4F1F-85F3-29707541C277}.3. Oxide|Windows.ActiveCfg = 3. Oxide|Windows
		{DCF399BD-14D7-4F1F-85F3-29707541C277}.3. Oxide|Windows.Build.0 = 3. Oxide|Windows
		{DCF399BD-14D7-4F1F-85F3-29707541C277}.3. Oxide|Linux.ActiveCfg = 3. Oxide|Linux
		{DCF399BD-14D7-4F1F-85F3-29707541C277}.3. Oxide|Linux.Build.0 = 3. Oxide|Linux
		{DCF399BD-14D7-4F1F-85F3-29707541C277}.4. Oxide Staging|Windows.ActiveCfg = 4. Oxide Staging|Windows
		{DCF399BD-14D7-4F1F-85F3-29707541C277}.4. Oxide Staging|Windows.Build.0 = 4. Oxide Staging|Windows
		{DCF399BD-14D7-4F1F-85F3-29707541C277}.4. Oxide Staging|Linux.ActiveCfg = 4. Oxide Staging|Linux
		{DCF399BD-14D7-4F1F-85F3-29707541C277}.4. Oxide Staging|Linux.Build.0 = 4. Oxide Staging|Linux
		{DCF399BD-14D7-4F1F-85F3-29707541C277}.5. Carbon|Windows.ActiveCfg = 5. Carbon|Windows
		{DCF399BD-14D7-4F1F-85F3-29707541C277}.5. Carbon|Windows.Build.0 = 5. Carbon|Windows
		{DCF399BD-14D7-4F1F-85F3-29707541C277}.5. Carbon|Linux.ActiveCfg = 5. Carbon|Linux
		{DCF399BD-14D7-4F1F-85F3-29707541C277}.5. Carbon|Linux.Build.0 = 5. Carbon|Linux
		{DCF399BD-14D7-4F1F-85F3-29707541C277}.6. Carbon Staging|Windows.ActiveCfg = 6. Carbon Staging|Windows
		{DCF399BD-14D7-4F1F-85F3-29707541C277}.6. Carbon Staging|Windows.Build.0 = 6. Carbon Staging|Windows
		{DCF399BD-14D7-4F1F-85F3-29707541C277}.6. Carbon Staging|Linux.ActiveCfg = 6. Carbon Staging|Linux
		{DCF399BD-14D7-4F1F-85F3-29707541C277}.6. Carbon Staging|Linux.Build.0 = 6. Carbon Staging|Linux
	EndGlobalSection
EndGlobal
