
Microsoft Visual Studio Solution File, Format Version 12.00
Project("{FAE04EC0-301F-11D3-BF4B-00C04F79EFBC}") = "DiscordExt", "DiscordExt\DiscordExt.csproj", "{DCF399BD-14D7-4F1F-85F3-29707541C277}"
EndProject
Global
	GlobalSection(SolutionConfigurationPlatforms) = preSolution
		Debug|Carbon = Debug|Carbon
		Debug|Oxide = Debug|Oxide
		Release|Carbon = Release|Carbon
		Release|Oxide = Release|Oxide
	EndGlobalSection
	GlobalSection(ProjectConfigurationPlatforms) = postSolution
		{DCF399BD-14D7-4F1F-85F3-29707541C277}.Debug|Carbon.ActiveCfg = Debug|Carbon
		{DCF399BD-14D7-4F1F-85F3-29707541C277}.Debug|Carbon.Build.0 = Debug|Carbon
		{DCF399BD-14D7-4F1F-85F3-29707541C277}.Debug|Oxide.ActiveCfg = Debug|Oxide
		{DCF399BD-14D7-4F1F-85F3-29707541C277}.Debug|Oxide.Build.0 = Debug|Oxide
		{DCF399BD-14D7-4F1F-85F3-29707541C277}.Release|Carbon.ActiveCfg = Release|Carbon
		{DCF399BD-14D7-4F1F-85F3-29707541C277}.Release|Carbon.Build.0 = Release|Carbon
		{DCF399BD-14D7-4F1F-85F3-29707541C277}.Release|Oxide.ActiveCfg = Release|Oxide
		{DCF399BD-14D7-4F1F-85F3-29707541C277}.Release|Oxide.Build.0 = Release|Oxide
	EndGlobalSection
EndGlobal
